
Microsoft Visual Studio Solution File, Format Version 12.00
# Visual Studio Version 17
VisualStudioVersion = 17.0.31903.59
MinimumVisualStudioVersion = 10.0.40219.1
Project("{FAE04EC0-301F-11D3-BF4B-00C04F79EFBC}") = "DesktopOrganizer.Core", "DesktopOrganizer.Core\DesktopOrganizer.Core.csproj", "{69AD6FCE-5503-459A-9C41-D9C581719284}"
EndProject
Project("{FAE04EC0-301F-11D3-BF4B-00C04F79EFBC}") = "DesktopOrganizer.UI", "DesktopOrganizer.UI\DesktopOrganizer.UI.csproj", "{AEFCADB4-07E9-4C23-9ACC-B7B8B210D726}"
EndProject
Global
	GlobalSection(SolutionConfigurationPlatforms) = preSolution
		Debug|Any CPU = Debug|Any CPU
		Debug|x64 = Debug|x64
		Debug|x86 = Debug|x86
		Release|Any CPU = Release|Any CPU
		Release|x64 = Release|x64
		Release|x86 = Release|x86
	EndGlobalSection
	GlobalSection(ProjectConfigurationPlatforms) = postSolution
		{69AD6FCE-5503-459A-9C41-D9C581719284}.Debug|Any CPU.ActiveCfg = Debug|Any CPU
		{69AD6FCE-5503-459A-9C41-D9C581719284}.Debug|Any CPU.Build.0 = Debug|Any CPU
		{69AD6FCE-5503-459A-9C41-D9C581719284}.Debug|x64.ActiveCfg = Debug|Any CPU
		{69AD6FCE-5503-459A-9C41-D9C581719284}.Debug|x64.Build.0 = Debug|Any CPU
		{69AD6FCE-5503-459A-9C41-D9C581719284}.Debug|x86.ActiveCfg = Debug|Any CPU
		{69AD6FCE-5503-459A-9C41-D9C581719284}.Debug|x86.Build.0 = Debug|Any CPU
		{69AD6FCE-5503-459A-9C41-D9C581719284}.Release|Any CPU.ActiveCfg = Release|Any CPU
		{69AD6FCE-5503-459A-9C41-D9C581719284}.Release|Any CPU.Build.0 = Release|Any CPU
		{69AD6FCE-5503-459A-9C41-D9C581719284}.Release|x64.ActiveCfg = Release|Any CPU
		{69AD6FCE-5503-459A-9C41-D9C581719284}.Release|x64.Build.0 = Release|Any CPU
		{69AD6FCE-5503-459A-9C41-D9C581719284}.Release|x86.ActiveCfg = Release|Any CPU
		{69AD6FCE-5503-459A-9C41-D9C581719284}.Release|x86.Build.0 = Release|Any CPU
		{AEFCADB4-07E9-4C23-9ACC-B7B8B210D726}.Debug|Any CPU.ActiveCfg = Debug|Any CPU
		{AEFCADB4-07E9-4C23-9ACC-B7B8B210D726}.Debug|Any CPU.Build.0 = Debug|Any CPU
		{AEFCADB4-07E9-4C23-9ACC-B7B8B210D726}.Debug|x64.ActiveCfg = Debug|Any CPU
		{AEFCADB4-07E9-4C23-9ACC-B7B8B210D726}.Debug|x64.Build.0 = Debug|Any CPU
		{AEFCADB4-07E9-4C23-9ACC-B7B8B210D726}.Debug|x86.ActiveCfg = Debug|Any CPU
		{AEFCADB4-07E9-4C23-9ACC-B7B8B210D726}.Debug|x86.Build.0 = Debug|Any CPU
		{AEFCADB4-07E9-4C23-9ACC-B7B8B210D726}.Release|Any CPU.ActiveCfg = Release|Any CPU
		{AEFCADB4-07E9-4C23-9ACC-B7B8B210D726}.Release|Any CPU.Build.0 = Release|Any CPU
		{AEFCADB4-07E9-4C23-9ACC-B7B8B210D726}.Release|x64.ActiveCfg = Release|Any CPU
		{AEFCADB4-07E9-4C23-9ACC-B7B8B210D726}.Release|x64.Build.0 = Release|Any CPU
		{AEFCADB4-07E9-4C23-9ACC-B7B8B210D726}.Release|x86.ActiveCfg = Release|Any CPU
		{AEFCADB4-07E9-4C23-9ACC-B7B8B210D726}.Release|x86.Build.0 = Release|Any CPU
	EndGlobalSection
	GlobalSection(SolutionProperties) = preSolution
		HideSolutionNode = FALSE
	EndGlobalSection
EndGlobal
